// !$*UTF8*$!
{
	archiveVersion = 1;
	classes = {
	};
	objectVersion = 50;
	objects = {

/* Begin PBXBuildFile section */
		40378C3C20D5DBB200BCE787 /* Eval.cpp in Sources */ = {isa = PBXBuildFile; fileRef = 40378C3A20D5DBB200BCE787 /* Eval.cpp */; };
		40378C3F20D6064200BCE787 /* EngineWrapper.cpp in Sources */ = {isa = PBXBuildFile; fileRef = 40378C3D20D6064200BCE787 /* EngineWrapper.cpp */; };
		40786EC120D70839003C3E52 /* Arasanx in Resources */ = {isa = PBXBuildFile; fileRef = 40786EB920D70815003C3E52 /* Arasanx */; };
		40786EC220D70839003C3E52 /* Komodo in Resources */ = {isa = PBXBuildFile; fileRef = 40786EBA20D70815003C3E52 /* Komodo */; };
		40786EC320D70839003C3E52 /* Fruit in Resources */ = {isa = PBXBuildFile; fileRef = 40786EBB20D70815003C3E52 /* Fruit */; };
		40786EC420D70839003C3E52 /* games.pgn in Resources */ = {isa = PBXBuildFile; fileRef = 40786EBC20D70815003C3E52 /* games.pgn */; };
		40786EC520D70839003C3E52 /* BBengine in Resources */ = {isa = PBXBuildFile; fileRef = 40786EBD20D70815003C3E52 /* BBengine */; };
		40786EC620D70839003C3E52 /* Stockfish in Resources */ = {isa = PBXBuildFile; fileRef = 40786EBE20D70815003C3E52 /* Stockfish */; };
		40786EC720D70839003C3E52 /* Senpai in Resources */ = {isa = PBXBuildFile; fileRef = 40786EBF20D70815003C3E52 /* Senpai */; };
		40786EC820D70839003C3E52 /* Togall in Resources */ = {isa = PBXBuildFile; fileRef = 40786EC020D70815003C3E52 /* Togall */; };
		40786ECB20D70CFD003C3E52 /* Fen.cpp in Sources */ = {isa = PBXBuildFile; fileRef = 40786EC920D70CFD003C3E52 /* Fen.cpp */; };
		40786ECE20D735A6003C3E52 /* Global.cpp in Sources */ = {isa = PBXBuildFile; fileRef = 40786ECD20D735A6003C3E52 /* Global.cpp */; };
		40786ED320D80101003C3E52 /* Polyglot.cpp in Sources */ = {isa = PBXBuildFile; fileRef = 40786ED120D80101003C3E52 /* Polyglot.cpp */; };
		40786EDD20D80639003C3E52 /* Elo2400.bin in Resources */ = {isa = PBXBuildFile; fileRef = 40786ED720D80639003C3E52 /* Elo2400.bin */; };
		40786EDE20D80639003C3E52 /* Human.bin in Resources */ = {isa = PBXBuildFile; fileRef = 40786ED820D80639003C3E52 /* Human.bin */; };
		40786EDF20D80639003C3E52 /* GM2001.bin in Resources */ = {isa = PBXBuildFile; fileRef = 40786ED920D80639003C3E52 /* GM2001.bin */; };
		40786EE020D80639003C3E52 /* Komodo.bin in Resources */ = {isa = PBXBuildFile; fileRef = 40786EDA20D80639003C3E52 /* Komodo.bin */; };
		40786EE120D80639003C3E52 /* Rodent.bin in Resources */ = {isa = PBXBuildFile; fileRef = 40786EDB20D80639003C3E52 /* Rodent.bin */; };
		40786EE220D80639003C3E52 /* Stockfish.bin in Resources */ = {isa = PBXBuildFile; fileRef = 40786EDC20D80639003C3E52 /* Stockfish.bin */; };
		40C14A6D20D2BEDF00EDDE27 /* AppDelegate.m in Sources */ = {isa = PBXBuildFile; fileRef = 40C14A6C20D2BEDF00EDDE27 /* AppDelegate.m */; };
		40C14A7020D2BEDF00EDDE27 /* ViewController.mm in Sources */ = {isa = PBXBuildFile; fileRef = 40C14A6F20D2BEDF00EDDE27 /* ViewController.mm */; };
		40C14A7220D2BEE000EDDE27 /* Assets.xcassets in Resources */ = {isa = PBXBuildFile; fileRef = 40C14A7120D2BEE000EDDE27 /* Assets.xcassets */; };
		40C14A7520D2BEE000EDDE27 /* Main.storyboard in Resources */ = {isa = PBXBuildFile; fileRef = 40C14A7320D2BEE000EDDE27 /* Main.storyboard */; };
		40C14A7820D2BEE000EDDE27 /* main.mm in Sources */ = {isa = PBXBuildFile; fileRef = 40C14A7720D2BEE000EDDE27 /* main.mm */; };
		40C14A8A20D2C0BA00EDDE27 /* NSView+UI.mm in Sources */ = {isa = PBXBuildFile; fileRef = 40C14A8920D2C0BA00EDDE27 /* NSView+UI.mm */; };
		40DBFA6120D2DD37005529E1 /* BlackQueen.png in Resources */ = {isa = PBXBuildFile; fileRef = 40DBFA5520D2DD36005529E1 /* BlackQueen.png */; };
		40DBFA6220D2DD37005529E1 /* BlackKnight.png in Resources */ = {isa = PBXBuildFile; fileRef = 40DBFA5620D2DD36005529E1 /* BlackKnight.png */; };
		40DBFA6320D2DD37005529E1 /* WhitePawn.png in Resources */ = {isa = PBXBuildFile; fileRef = 40DBFA5720D2DD36005529E1 /* WhitePawn.png */; };
		40DBFA6420D2DD37005529E1 /* BlackBishop.png in Resources */ = {isa = PBXBuildFile; fileRef = 40DBFA5820D2DD36005529E1 /* BlackBishop.png */; };
		40DBFA6520D2DD37005529E1 /* WhiteKnight.png in Resources */ = {isa = PBXBuildFile; fileRef = 40DBFA5920D2DD36005529E1 /* WhiteKnight.png */; };
		40DBFA6620D2DD37005529E1 /* WhiteQueen.png in Resources */ = {isa = PBXBuildFile; fileRef = 40DBFA5A20D2DD36005529E1 /* WhiteQueen.png */; };
		40DBFA6720D2DD37005529E1 /* WhiteRook.png in Resources */ = {isa = PBXBuildFile; fileRef = 40DBFA5B20D2DD36005529E1 /* WhiteRook.png */; };
		40DBFA6820D2DD37005529E1 /* BlackRook.png in Resources */ = {isa = PBXBuildFile; fileRef = 40DBFA5C20D2DD36005529E1 /* BlackRook.png */; };
		40DBFA6920D2DD37005529E1 /* BlackKing.png in Resources */ = {isa = PBXBuildFile; fileRef = 40DBFA5D20D2DD36005529E1 /* BlackKing.png */; };
		40DBFA6A20D2DD37005529E1 /* WhiteKing.png in Resources */ = {isa = PBXBuildFile; fileRef = 40DBFA5E20D2DD36005529E1 /* WhiteKing.png */; };
		40DBFA6B20D2DD37005529E1 /* BlackPawn.png in Resources */ = {isa = PBXBuildFile; fileRef = 40DBFA5F20D2DD37005529E1 /* BlackPawn.png */; };
		40DBFA6C20D2DD37005529E1 /* WhiteBishop.png in Resources */ = {isa = PBXBuildFile; fileRef = 40DBFA6020D2DD37005529E1 /* WhiteBishop.png */; };
		40DBFA8020D40DB7005529E1 /* MoveGen.cpp in Sources */ = {isa = PBXBuildFile; fileRef = 40DBFA7E20D40DB7005529E1 /* MoveGen.cpp */; };
		40DBFA8620D4778B005529E1 /* m42.cpp in Sources */ = {isa = PBXBuildFile; fileRef = 40DBFA8520D4778B005529E1 /* m42.cpp */; };
		40FA628520D48F6900DCF6EB /* Board.cpp in Sources */ = {isa = PBXBuildFile; fileRef = 40FA628420D48F6900DCF6EB /* Board.cpp */; };
/* End PBXBuildFile section */

/* Begin PBXFileReference section */
		40378C3A20D5DBB200BCE787 /* Eval.cpp */ = {isa = PBXFileReference; lastKnownFileType = sourcecode.cpp.cpp; path = Eval.cpp; sourceTree = "<group>"; };
		40378C3B20D5DBB200BCE787 /* Eval.hpp */ = {isa = PBXFileReference; lastKnownFileType = sourcecode.cpp.h; path = Eval.hpp; sourceTree = "<group>"; };
		40378C3D20D6064200BCE787 /* EngineWrapper.cpp */ = {isa = PBXFileReference; lastKnownFileType = sourcecode.cpp.cpp; path = EngineWrapper.cpp; sourceTree = "<group>"; };
		40378C3E20D6064200BCE787 /* EngineWrapper.hpp */ = {isa = PBXFileReference; lastKnownFileType = sourcecode.cpp.h; path = EngineWrapper.hpp; sourceTree = "<group>"; };
		40786EB920D70815003C3E52 /* Arasanx */ = {isa = PBXFileReference; lastKnownFileType = "compiled.mach-o.executable"; path = Arasanx; sourceTree = "<group>"; };
		40786EBA20D70815003C3E52 /* Komodo */ = {isa = PBXFileReference; lastKnownFileType = "compiled.mach-o.executable"; path = Komodo; sourceTree = "<group>"; };
		40786EBB20D70815003C3E52 /* Fruit */ = {isa = PBXFileReference; lastKnownFileType = "compiled.mach-o.executable"; path = Fruit; sourceTree = "<group>"; };
		40786EBC20D70815003C3E52 /* games.pgn */ = {isa = PBXFileReference; lastKnownFileType = text; path = games.pgn; sourceTree = "<group>"; };
		40786EBD20D70815003C3E52 /* BBengine */ = {isa = PBXFileReference; lastKnownFileType = "compiled.mach-o.executable"; path = BBengine; sourceTree = "<group>"; };
		40786EBE20D70815003C3E52 /* Stockfish */ = {isa = PBXFileReference; lastKnownFileType = "compiled.mach-o.executable"; path = Stockfish; sourceTree = "<group>"; };
		40786EBF20D70815003C3E52 /* Senpai */ = {isa = PBXFileReference; lastKnownFileType = "compiled.mach-o.executable"; path = Senpai; sourceTree = "<group>"; };
		40786EC020D70815003C3E52 /* Togall */ = {isa = PBXFileReference; lastKnownFileType = "compiled.mach-o.executable"; path = Togall; sourceTree = "<group>"; };
		40786EC920D70CFD003C3E52 /* Fen.cpp */ = {isa = PBXFileReference; lastKnownFileType = sourcecode.cpp.cpp; path = Fen.cpp; sourceTree = "<group>"; };
		40786ECA20D70CFD003C3E52 /* Fen.hpp */ = {isa = PBXFileReference; lastKnownFileType = sourcecode.cpp.h; path = Fen.hpp; sourceTree = "<group>"; };
		40786ECC20D71E39003C3E52 /* Observer.hpp */ = {isa = PBXFileReference; explicitFileType = sourcecode.cpp.objcpp; path = Observer.hpp; sourceTree = "<group>"; };
		40786ECD20D735A6003C3E52 /* Global.cpp */ = {isa = PBXFileReference; explicitFileType = sourcecode.cpp.objcpp; path = Global.cpp; sourceTree = "<group>"; };
		40786ECF20D7F6FF003C3E52 /* Ply.hpp */ = {isa = PBXFileReference; lastKnownFileType = sourcecode.cpp.h; path = Ply.hpp; sourceTree = "<group>"; };
		40786ED020D7F956003C3E52 /* Type.hpp */ = {isa = PBXFileReference; lastKnownFileType = sourcecode.cpp.h; path = Type.hpp; sourceTree = "<group>"; };
		40786ED120D80101003C3E52 /* Polyglot.cpp */ = {isa = PBXFileReference; lastKnownFileType = sourcecode.cpp.cpp; path = Polyglot.cpp; sourceTree = "<group>"; };
		40786ED220D80101003C3E52 /* Polyglot.hpp */ = {isa = PBXFileReference; explicitFileType = sourcecode.cpp.objcpp; path = Polyglot.hpp; sourceTree = "<group>"; };
		40786ED420D8022A003C3E52 /* pg_key.h */ = {isa = PBXFileReference; lastKnownFileType = sourcecode.c.h; path = pg_key.h; sourceTree = "<group>"; };
		40786ED520D8024A003C3E52 /* pg_show.h */ = {isa = PBXFileReference; lastKnownFileType = sourcecode.c.h; path = pg_show.h; sourceTree = "<group>"; };
		40786ED720D80639003C3E52 /* Elo2400.bin */ = {isa = PBXFileReference; lastKnownFileType = archive.macbinary; path = Elo2400.bin; sourceTree = "<group>"; };
		40786ED820D80639003C3E52 /* Human.bin */ = {isa = PBXFileReference; lastKnownFileType = archive.macbinary; path = Human.bin; sourceTree = "<group>"; };
		40786ED920D80639003C3E52 /* GM2001.bin */ = {isa = PBXFileReference; lastKnownFileType = archive.macbinary; path = GM2001.bin; sourceTree = "<group>"; };
		40786EDA20D80639003C3E52 /* Komodo.bin */ = {isa = PBXFileReference; lastKnownFileType = archive.macbinary; path = Komodo.bin; sourceTree = "<group>"; };
		40786EDB20D80639003C3E52 /* Rodent.bin */ = {isa = PBXFileReference; lastKnownFileType = archive.macbinary; path = Rodent.bin; sourceTree = "<group>"; };
		40786EDC20D80639003C3E52 /* Stockfish.bin */ = {isa = PBXFileReference; lastKnownFileType = archive.macbinary; path = Stockfish.bin; sourceTree = "<group>"; };
		40786EE320D8192C003C3E52 /* Todo.txt */ = {isa = PBXFileReference; lastKnownFileType = text; path = Todo.txt; sourceTree = "<group>"; };
		40C14A6820D2BEDF00EDDE27 /* Blackbird.app */ = {isa = PBXFileReference; explicitFileType = wrapper.application; includeInIndex = 0; path = Blackbird.app; sourceTree = BUILT_PRODUCTS_DIR; };
		40C14A6B20D2BEDF00EDDE27 /* AppDelegate.h */ = {isa = PBXFileReference; lastKnownFileType = sourcecode.c.h; path = AppDelegate.h; sourceTree = "<group>"; };
		40C14A6C20D2BEDF00EDDE27 /* AppDelegate.m */ = {isa = PBXFileReference; lastKnownFileType = sourcecode.c.objc; path = AppDelegate.m; sourceTree = "<group>"; };
		40C14A6E20D2BEDF00EDDE27 /* ViewController.h */ = {isa = PBXFileReference; lastKnownFileType = sourcecode.c.h; path = ViewController.h; sourceTree = "<group>"; };
		40C14A6F20D2BEDF00EDDE27 /* ViewController.mm */ = {isa = PBXFileReference; lastKnownFileType = sourcecode.cpp.objcpp; path = ViewController.mm; sourceTree = "<group>"; };
		40C14A7120D2BEE000EDDE27 /* Assets.xcassets */ = {isa = PBXFileReference; lastKnownFileType = folder.assetcatalog; path = Assets.xcassets; sourceTree = "<group>"; };
		40C14A7420D2BEE000EDDE27 /* Base */ = {isa = PBXFileReference; lastKnownFileType = file.storyboard; name = Base; path = Base.lproj/Main.storyboard; sourceTree = "<group>"; };
		40C14A7620D2BEE000EDDE27 /* Info.plist */ = {isa = PBXFileReference; lastKnownFileType = text.plist.xml; path = Info.plist; sourceTree = "<group>"; };
		40C14A7720D2BEE000EDDE27 /* main.mm */ = {isa = PBXFileReference; lastKnownFileType = sourcecode.cpp.objcpp; path = main.mm; sourceTree = "<group>"; };
		40C14A7920D2BEE000EDDE27 /* Blackbird.entitlements */ = {isa = PBXFileReference; lastKnownFileType = text.plist.entitlements; path = Blackbird.entitlements; sourceTree = "<group>"; };
		40C14A8820D2C0BA00EDDE27 /* NSView+UI.h */ = {isa = PBXFileReference; explicitFileType = sourcecode.cpp.objcpp.preprocessed; path = "NSView+UI.h"; sourceTree = "<group>"; };
		40C14A8920D2C0BA00EDDE27 /* NSView+UI.mm */ = {isa = PBXFileReference; explicitFileType = sourcecode.cpp.objcpp; path = "NSView+UI.mm"; sourceTree = "<group>"; };
		40DBFA5520D2DD36005529E1 /* BlackQueen.png */ = {isa = PBXFileReference; lastKnownFileType = image.png; path = BlackQueen.png; sourceTree = "<group>"; };
		40DBFA5620D2DD36005529E1 /* BlackKnight.png */ = {isa = PBXFileReference; lastKnownFileType = image.png; path = BlackKnight.png; sourceTree = "<group>"; };
		40DBFA5720D2DD36005529E1 /* WhitePawn.png */ = {isa = PBXFileReference; lastKnownFileType = image.png; path = WhitePawn.png; sourceTree = "<group>"; };
		40DBFA5820D2DD36005529E1 /* BlackBishop.png */ = {isa = PBXFileReference; lastKnownFileType = image.png; path = BlackBishop.png; sourceTree = "<group>"; };
		40DBFA5920D2DD36005529E1 /* WhiteKnight.png */ = {isa = PBXFileReference; lastKnownFileType = image.png; path = WhiteKnight.png; sourceTree = "<group>"; };
		40DBFA5A20D2DD36005529E1 /* WhiteQueen.png */ = {isa = PBXFileReference; lastKnownFileType = image.png; path = WhiteQueen.png; sourceTree = "<group>"; };
		40DBFA5B20D2DD36005529E1 /* WhiteRook.png */ = {isa = PBXFileReference; lastKnownFileType = image.png; path = WhiteRook.png; sourceTree = "<group>"; };
		40DBFA5C20D2DD36005529E1 /* BlackRook.png */ = {isa = PBXFileReference; lastKnownFileType = image.png; path = BlackRook.png; sourceTree = "<group>"; };
		40DBFA5D20D2DD36005529E1 /* BlackKing.png */ = {isa = PBXFileReference; lastKnownFileType = image.png; path = BlackKing.png; sourceTree = "<group>"; };
		40DBFA5E20D2DD36005529E1 /* WhiteKing.png */ = {isa = PBXFileReference; lastKnownFileType = image.png; path = WhiteKing.png; sourceTree = "<group>"; };
		40DBFA5F20D2DD37005529E1 /* BlackPawn.png */ = {isa = PBXFileReference; lastKnownFileType = image.png; path = BlackPawn.png; sourceTree = "<group>"; };
		40DBFA6020D2DD37005529E1 /* WhiteBishop.png */ = {isa = PBXFileReference; lastKnownFileType = image.png; path = WhiteBishop.png; sourceTree = "<group>"; };
		40DBFA7620D2F899005529E1 /* Model.hpp */ = {isa = PBXFileReference; explicitFileType = sourcecode.cpp.objcpp; path = Model.hpp; sourceTree = "<group>"; };
		40DBFA7920D2FDE5005529E1 /* Engine.hpp */ = {isa = PBXFileReference; explicitFileType = sourcecode.cpp.objcpp; path = Engine.hpp; sourceTree = "<group>"; };
		40DBFA7B20D2FFFA005529E1 /* Global.hpp */ = {isa = PBXFileReference; explicitFileType = sourcecode.cpp.objcpp; path = Global.hpp; sourceTree = "<group>"; };
		40DBFA7C20D37212005529E1 /* Board.hpp */ = {isa = PBXFileReference; explicitFileType = sourcecode.cpp.objcpp; path = Board.hpp; sourceTree = "<group>"; };
		40DBFA7D20D40498005529E1 /* Helper.hpp */ = {isa = PBXFileReference; explicitFileType = sourcecode.cpp.objcpp; path = Helper.hpp; sourceTree = "<group>"; };
		40DBFA7E20D40DB7005529E1 /* MoveGen.cpp */ = {isa = PBXFileReference; explicitFileType = sourcecode.cpp.objcpp; path = MoveGen.cpp; sourceTree = "<group>"; };
		40DBFA7F20D40DB7005529E1 /* MoveGen.hpp */ = {isa = PBXFileReference; explicitFileType = sourcecode.cpp.objcpp; path = MoveGen.hpp; sourceTree = "<group>"; };
		40DBFA8420D4778A005529E1 /* m42.h */ = {isa = PBXFileReference; fileEncoding = 4; lastKnownFileType = sourcecode.c.h; path = m42.h; sourceTree = "<group>"; };
		40DBFA8520D4778B005529E1 /* m42.cpp */ = {isa = PBXFileReference; fileEncoding = 4; lastKnownFileType = sourcecode.cpp.cpp; path = m42.cpp; sourceTree = "<group>"; };
		40FA628420D48F6900DCF6EB /* Board.cpp */ = {isa = PBXFileReference; lastKnownFileType = sourcecode.cpp.cpp; path = Board.cpp; sourceTree = "<group>"; };
/* End PBXFileReference section */

/* Begin PBXFrameworksBuildPhase section */
		40C14A6520D2BEDF00EDDE27 /* Frameworks */ = {
			isa = PBXFrameworksBuildPhase;
			buildActionMask = 2147483647;
			files = (
			);
			runOnlyForDeploymentPostprocessing = 0;
		};
/* End PBXFrameworksBuildPhase section */

/* Begin PBXGroup section */
		40786EB820D70815003C3E52 /* engines */ = {
			isa = PBXGroup;
			children = (
				40786EB920D70815003C3E52 /* Arasanx */,
				40786EBA20D70815003C3E52 /* Komodo */,
				40786EBB20D70815003C3E52 /* Fruit */,
				40786EBC20D70815003C3E52 /* games.pgn */,
				40786EBD20D70815003C3E52 /* BBengine */,
				40786EBE20D70815003C3E52 /* Stockfish */,
				40786EBF20D70815003C3E52 /* Senpai */,
				40786EC020D70815003C3E52 /* Togall */,
			);
			name = engines;
			path = Blackbird/engines;
			sourceTree = "<group>";
		};
		40786ED620D805DE003C3E52 /* books */ = {
			isa = PBXGroup;
			children = (
				40786ED720D80639003C3E52 /* Elo2400.bin */,
				40786ED920D80639003C3E52 /* GM2001.bin */,
				40786ED820D80639003C3E52 /* Human.bin */,
				40786EDA20D80639003C3E52 /* Komodo.bin */,
				40786EDB20D80639003C3E52 /* Rodent.bin */,
				40786EDC20D80639003C3E52 /* Stockfish.bin */,
			);
			path = books;
			sourceTree = "<group>";
		};
		40C14A5F20D2BEDF00EDDE27 = {
			isa = PBXGroup;
			children = (
				40786EE320D8192C003C3E52 /* Todo.txt */,
				40786ED620D805DE003C3E52 /* books */,
				40786EB820D70815003C3E52 /* engines */,
				40C14A6A20D2BEDF00EDDE27 /* Blackbird */,
				40C14A6920D2BEDF00EDDE27 /* Products */,
			);
			sourceTree = "<group>";
		};
		40C14A6920D2BEDF00EDDE27 /* Products */ = {
			isa = PBXGroup;
			children = (
				40C14A6820D2BEDF00EDDE27 /* Blackbird.app */,
			);
			name = Products;
			sourceTree = "<group>";
		};
		40C14A6A20D2BEDF00EDDE27 /* Blackbird */ = {
			isa = PBXGroup;
			children = (
				40DBFA7120D2F1B4005529E1 /* engine */,
				40DBFA5420D2DCE2005529E1 /* img */,
				40C14A6B20D2BEDF00EDDE27 /* AppDelegate.h */,
				40C14A6C20D2BEDF00EDDE27 /* AppDelegate.m */,
				40C14A6E20D2BEDF00EDDE27 /* ViewController.h */,
				40C14A6F20D2BEDF00EDDE27 /* ViewController.mm */,
				40C14A7120D2BEE000EDDE27 /* Assets.xcassets */,
				40C14A7320D2BEE000EDDE27 /* Main.storyboard */,
				40C14A7620D2BEE000EDDE27 /* Info.plist */,
				40C14A7720D2BEE000EDDE27 /* main.mm */,
				40C14A7920D2BEE000EDDE27 /* Blackbird.entitlements */,
				40C14A8820D2C0BA00EDDE27 /* NSView+UI.h */,
				40C14A8920D2C0BA00EDDE27 /* NSView+UI.mm */,
			);
			path = Blackbird;
			sourceTree = "<group>";
		};
		40DBFA5420D2DCE2005529E1 /* img */ = {
			isa = PBXGroup;
			children = (
				40DBFA5820D2DD36005529E1 /* BlackBishop.png */,
				40DBFA5D20D2DD36005529E1 /* BlackKing.png */,
				40DBFA5620D2DD36005529E1 /* BlackKnight.png */,
				40DBFA5F20D2DD37005529E1 /* BlackPawn.png */,
				40DBFA5520D2DD36005529E1 /* BlackQueen.png */,
				40DBFA5C20D2DD36005529E1 /* BlackRook.png */,
				40DBFA6020D2DD37005529E1 /* WhiteBishop.png */,
				40DBFA5E20D2DD36005529E1 /* WhiteKing.png */,
				40DBFA5920D2DD36005529E1 /* WhiteKnight.png */,
				40DBFA5720D2DD36005529E1 /* WhitePawn.png */,
				40DBFA5A20D2DD36005529E1 /* WhiteQueen.png */,
				40DBFA5B20D2DD36005529E1 /* WhiteRook.png */,
			);
			path = img;
			sourceTree = "<group>";
		};
		40DBFA7120D2F1B4005529E1 /* engine */ = {
			isa = PBXGroup;
			children = (
				40DBFA8520D4778B005529E1 /* m42.cpp */,
				40DBFA8420D4778A005529E1 /* m42.h */,
				40DBFA7620D2F899005529E1 /* Model.hpp */,
				40DBFA7920D2FDE5005529E1 /* Engine.hpp */,
				40DBFA7C20D37212005529E1 /* Board.hpp */,
				40FA628420D48F6900DCF6EB /* Board.cpp */,
				40DBFA7D20D40498005529E1 /* Helper.hpp */,
				40DBFA7E20D40DB7005529E1 /* MoveGen.cpp */,
				40DBFA7F20D40DB7005529E1 /* MoveGen.hpp */,
				40378C3A20D5DBB200BCE787 /* Eval.cpp */,
				40378C3B20D5DBB200BCE787 /* Eval.hpp */,
				40378C3D20D6064200BCE787 /* EngineWrapper.cpp */,
				40378C3E20D6064200BCE787 /* EngineWrapper.hpp */,
				40786EC920D70CFD003C3E52 /* Fen.cpp */,
				40786ECA20D70CFD003C3E52 /* Fen.hpp */,
				40786ECC20D71E39003C3E52 /* Observer.hpp */,
				40DBFA7B20D2FFFA005529E1 /* Global.hpp */,
				40786ECD20D735A6003C3E52 /* Global.cpp */,
				40786ECF20D7F6FF003C3E52 /* Ply.hpp */,
				40786ED020D7F956003C3E52 /* Type.hpp */,
				40786ED120D80101003C3E52 /* Polyglot.cpp */,
				40786ED220D80101003C3E52 /* Polyglot.hpp */,
				40786ED420D8022A003C3E52 /* pg_key.h */,
				40786ED520D8024A003C3E52 /* pg_show.h */,
			);
			path = engine;
			sourceTree = "<group>";
		};
/* End PBXGroup section */

/* Begin PBXNativeTarget section */
		40C14A6720D2BEDF00EDDE27 /* Blackbird */ = {
			isa = PBXNativeTarget;
			buildConfigurationList = 40C14A7C20D2BEE000EDDE27 /* Build configuration list for PBXNativeTarget "Blackbird" */;
			buildPhases = (
				40C14A6420D2BEDF00EDDE27 /* Sources */,
				40C14A6520D2BEDF00EDDE27 /* Frameworks */,
				40C14A6620D2BEDF00EDDE27 /* Resources */,
			);
			buildRules = (
			);
			dependencies = (
			);
			name = Blackbird;
			productName = Blackbird;
			productReference = 40C14A6820D2BEDF00EDDE27 /* Blackbird.app */;
			productType = "com.apple.product-type.application";
		};
/* End PBXNativeTarget section */

/* Begin PBXProject section */
		40C14A6020D2BEDF00EDDE27 /* Project object */ = {
			isa = PBXProject;
			attributes = {
				LastUpgradeCheck = 0940;
				ORGANIZATIONNAME = "Mathias Dietrich";
				TargetAttributes = {
					40C14A6720D2BEDF00EDDE27 = {
						CreatedOnToolsVersion = 9.4;
					};
				};
			};
			buildConfigurationList = 40C14A6320D2BEDF00EDDE27 /* Build configuration list for PBXProject "Blackbird" */;
			compatibilityVersion = "Xcode 9.3";
			developmentRegion = en;
			hasScannedForEncodings = 0;
			knownRegions = (
				en,
				Base,
			);
			mainGroup = 40C14A5F20D2BEDF00EDDE27;
			productRefGroup = 40C14A6920D2BEDF00EDDE27 /* Products */;
			projectDirPath = "";
			projectRoot = "";
			targets = (
				40C14A6720D2BEDF00EDDE27 /* Blackbird */,
			);
		};
/* End PBXProject section */

/* Begin PBXResourcesBuildPhase section */
		40C14A6620D2BEDF00EDDE27 /* Resources */ = {
			isa = PBXResourcesBuildPhase;
			buildActionMask = 2147483647;
			files = (
				40786EDD20D80639003C3E52 /* Elo2400.bin in Resources */,
				40786EE220D80639003C3E52 /* Stockfish.bin in Resources */,
				40786EE120D80639003C3E52 /* Rodent.bin in Resources */,
				40786EE020D80639003C3E52 /* Komodo.bin in Resources */,
				40786EDE20D80639003C3E52 /* Human.bin in Resources */,
				40786EDF20D80639003C3E52 /* GM2001.bin in Resources */,
				40786EC220D70839003C3E52 /* Komodo in Resources */,
				40786EC120D70839003C3E52 /* Arasanx in Resources */,
				40DBFA6620D2DD37005529E1 /* WhiteQueen.png in Resources */,
				40786EC420D70839003C3E52 /* games.pgn in Resources */,
				40DBFA6220D2DD37005529E1 /* BlackKnight.png in Resources */,
				40786EC520D70839003C3E52 /* BBengine in Resources */,
				40DBFA6320D2DD37005529E1 /* WhitePawn.png in Resources */,
				40DBFA6B20D2DD37005529E1 /* BlackPawn.png in Resources */,
				40C14A7220D2BEE000EDDE27 /* Assets.xcassets in Resources */,
				40DBFA6120D2DD37005529E1 /* BlackQueen.png in Resources */,
				40DBFA6920D2DD37005529E1 /* BlackKing.png in Resources */,
				40DBFA6A20D2DD37005529E1 /* WhiteKing.png in Resources */,
				40DBFA6420D2DD37005529E1 /* BlackBishop.png in Resources */,
				40DBFA6820D2DD37005529E1 /* BlackRook.png in Resources */,
				40786EC820D70839003C3E52 /* Togall in Resources */,
				40786EC720D70839003C3E52 /* Senpai in Resources */,
				40786EC620D70839003C3E52 /* Stockfish in Resources */,
				40DBFA6C20D2DD37005529E1 /* WhiteBishop.png in Resources */,
				40C14A7520D2BEE000EDDE27 /* Main.storyboard in Resources */,
				40786EC320D70839003C3E52 /* Fruit in Resources */,
				40DBFA6520D2DD37005529E1 /* WhiteKnight.png in Resources */,
				40DBFA6720D2DD37005529E1 /* WhiteRook.png in Resources */,
			);
			runOnlyForDeploymentPostprocessing = 0;
		};
/* End PBXResourcesBuildPhase section */

/* Begin PBXSourcesBuildPhase section */
		40C14A6420D2BEDF00EDDE27 /* Sources */ = {
			isa = PBXSourcesBuildPhase;
			buildActionMask = 2147483647;
			files = (
				40FA628520D48F6900DCF6EB /* Board.cpp in Sources */,
				40378C3C20D5DBB200BCE787 /* Eval.cpp in Sources */,
				40C14A7020D2BEDF00EDDE27 /* ViewController.mm in Sources */,
				40786ED320D80101003C3E52 /* Polyglot.cpp in Sources */,
				40786ECB20D70CFD003C3E52 /* Fen.cpp in Sources */,
				40C14A7820D2BEE000EDDE27 /* main.mm in Sources */,
				40C14A6D20D2BEDF00EDDE27 /* AppDelegate.m in Sources */,
				40DBFA8620D4778B005529E1 /* m42.cpp in Sources */,
				40DBFA8020D40DB7005529E1 /* MoveGen.cpp in Sources */,
				40786ECE20D735A6003C3E52 /* Global.cpp in Sources */,
				40378C3F20D6064200BCE787 /* EngineWrapper.cpp in Sources */,
				40C14A8A20D2C0BA00EDDE27 /* NSView+UI.mm in Sources */,
			);
			runOnlyForDeploymentPostprocessing = 0;
		};
/* End PBXSourcesBuildPhase section */

/* Begin PBXVariantGroup section */
		40C14A7320D2BEE000EDDE27 /* Main.storyboard */ = {
			isa = PBXVariantGroup;
			children = (
				40C14A7420D2BEE000EDDE27 /* Base */,
			);
			name = Main.storyboard;
			sourceTree = "<group>";
		};
/* End PBXVariantGroup section */

/* Begin XCBuildConfiguration section */
		40C14A7A20D2BEE000EDDE27 /* Debug */ = {
			isa = XCBuildConfiguration;
			buildSettings = {
				ALWAYS_SEARCH_USER_PATHS = YES;
				CLANG_ANALYZER_NONNULL = YES;
				CLANG_ANALYZER_NUMBER_OBJECT_CONVERSION = YES_AGGRESSIVE;
				CLANG_CXX_LANGUAGE_STANDARD = "gnu++17";
				CLANG_CXX_LIBRARY = "libc++";
				CLANG_ENABLE_MODULES = YES;
				CLANG_ENABLE_OBJC_ARC = YES;
				CLANG_ENABLE_OBJC_WEAK = YES;
				CLANG_WARN_BLOCK_CAPTURE_AUTORELEASING = YES;
				CLANG_WARN_BOOL_CONVERSION = YES;
				CLANG_WARN_COMMA = YES;
				CLANG_WARN_CONSTANT_CONVERSION = YES;
				CLANG_WARN_DEPRECATED_OBJC_IMPLEMENTATIONS = YES;
				CLANG_WARN_DIRECT_OBJC_ISA_USAGE = YES_ERROR;
				CLANG_WARN_DOCUMENTATION_COMMENTS = YES;
				CLANG_WARN_EMPTY_BODY = YES;
				CLANG_WARN_ENUM_CONVERSION = YES;
				CLANG_WARN_INFINITE_RECURSION = YES;
				CLANG_WARN_INT_CONVERSION = YES;
				CLANG_WARN_NON_LITERAL_NULL_CONVERSION = YES;
				CLANG_WARN_OBJC_IMPLICIT_RETAIN_SELF = YES;
				CLANG_WARN_OBJC_LITERAL_CONVERSION = YES;
				CLANG_WARN_OBJC_ROOT_CLASS = YES_ERROR;
				CLANG_WARN_RANGE_LOOP_ANALYSIS = YES;
				CLANG_WARN_STRICT_PROTOTYPES = YES;
				CLANG_WARN_SUSPICIOUS_MOVE = YES;
				CLANG_WARN_UNGUARDED_AVAILABILITY = YES_AGGRESSIVE;
				CLANG_WARN_UNREACHABLE_CODE = YES;
				CLANG_WARN__DUPLICATE_METHOD_MATCH = YES;
				CODE_SIGN_IDENTITY = "Mac Developer";
				COPY_PHASE_STRIP = NO;
				DEBUG_INFORMATION_FORMAT = dwarf;
				ENABLE_STRICT_OBJC_MSGSEND = YES;
				ENABLE_TESTABILITY = YES;
				GCC_C_LANGUAGE_STANDARD = gnu11;
				GCC_DYNAMIC_NO_PIC = NO;
				GCC_INPUT_FILETYPE = automatic;
				GCC_NO_COMMON_BLOCKS = YES;
				GCC_OPTIMIZATION_LEVEL = 0;
				GCC_PREPROCESSOR_DEFINITIONS = (
					"DEBUG=1",
					"$(inherited)",
				);
				GCC_WARN_64_TO_32_BIT_CONVERSION = YES;
				GCC_WARN_ABOUT_RETURN_TYPE = YES_ERROR;
				GCC_WARN_UNDECLARED_SELECTOR = YES;
				GCC_WARN_UNINITIALIZED_AUTOS = YES_AGGRESSIVE;
				GCC_WARN_UNUSED_FUNCTION = YES;
				GCC_WARN_UNUSED_VARIABLE = YES;
				MACOSX_DEPLOYMENT_TARGET = 10.13;
				MTL_ENABLE_DEBUG_INFO = YES;
				ONLY_ACTIVE_ARCH = YES;
				SDKROOT = macosx;
			};
			name = Debug;
		};
		40C14A7B20D2BEE000EDDE27 /* Release */ = {
			isa = XCBuildConfiguration;
			buildSettings = {
				ALWAYS_SEARCH_USER_PATHS = YES;
				CLANG_ANALYZER_NONNULL = YES;
				CLANG_ANALYZER_NUMBER_OBJECT_CONVERSION = YES_AGGRESSIVE;
				CLANG_CXX_LANGUAGE_STANDARD = "gnu++17";
				CLANG_CXX_LIBRARY = "libc++";
				CLANG_ENABLE_MODULES = YES;
				CLANG_ENABLE_OBJC_ARC = YES;
				CLANG_ENABLE_OBJC_WEAK = YES;
				CLANG_WARN_BLOCK_CAPTURE_AUTORELEASING = YES;
				CLANG_WARN_BOOL_CONVERSION = YES;
				CLANG_WARN_COMMA = YES;
				CLANG_WARN_CONSTANT_CONVERSION = YES;
				CLANG_WARN_DEPRECATED_OBJC_IMPLEMENTATIONS = YES;
				CLANG_WARN_DIRECT_OBJC_ISA_USAGE = YES_ERROR;
				CLANG_WARN_DOCUMENTATION_COMMENTS = YES;
				CLANG_WARN_EMPTY_BODY = YES;
				CLANG_WARN_ENUM_CONVERSION = YES;
				CLANG_WARN_INFINITE_RECURSION = YES;
				CLANG_WARN_INT_CONVERSION = YES;
				CLANG_WARN_NON_LITERAL_NULL_CONVERSION = YES;
				CLANG_WARN_OBJC_IMPLICIT_RETAIN_SELF = YES;
				CLANG_WARN_OBJC_LITERAL_CONVERSION = YES;
				CLANG_WARN_OBJC_ROOT_CLASS = YES_ERROR;
				CLANG_WARN_RANGE_LOOP_ANALYSIS = YES;
				CLANG_WARN_STRICT_PROTOTYPES = YES;
				CLANG_WARN_SUSPICIOUS_MOVE = YES;
				CLANG_WARN_UNGUARDED_AVAILABILITY = YES_AGGRESSIVE;
				CLANG_WARN_UNREACHABLE_CODE = YES;
				CLANG_WARN__DUPLICATE_METHOD_MATCH = YES;
				CODE_SIGN_IDENTITY = "Mac Developer";
				COPY_PHASE_STRIP = NO;
				DEBUG_INFORMATION_FORMAT = "dwarf-with-dsym";
				ENABLE_NS_ASSERTIONS = NO;
				ENABLE_STRICT_OBJC_MSGSEND = YES;
				GCC_C_LANGUAGE_STANDARD = gnu11;
				GCC_INPUT_FILETYPE = automatic;
				GCC_NO_COMMON_BLOCKS = YES;
				GCC_WARN_64_TO_32_BIT_CONVERSION = YES;
				GCC_WARN_ABOUT_RETURN_TYPE = YES_ERROR;
				GCC_WARN_UNDECLARED_SELECTOR = YES;
				GCC_WARN_UNINITIALIZED_AUTOS = YES_AGGRESSIVE;
				GCC_WARN_UNUSED_FUNCTION = YES;
				GCC_WARN_UNUSED_VARIABLE = YES;
				MACOSX_DEPLOYMENT_TARGET = 10.13;
				MTL_ENABLE_DEBUG_INFO = NO;
				SDKROOT = macosx;
			};
			name = Release;
		};
		40C14A7D20D2BEE000EDDE27 /* Debug */ = {
			isa = XCBuildConfiguration;
			buildSettings = {
				ASSETCATALOG_COMPILER_APPICON_NAME = AppIcon;
				CLANG_CXX_LANGUAGE_STANDARD = "gnu++17";
				CLANG_CXX_LIBRARY = "libc++";
				CLANG_ENABLE_OBJC_ARC = YES;
				CLANG_WARN_CXX0X_EXTENSIONS = YES;
				CODE_SIGN_ENTITLEMENTS = Blackbird/Blackbird.entitlements;
				CODE_SIGN_STYLE = Automatic;
				COMBINE_HIDPI_IMAGES = YES;
				DEVELOPMENT_TEAM = R2WLDRKRB6;
				"FRAMEWORK_SEARCH_PATHS[arch=*]" = /usr/local/Cellar/boost/1.67.0_1;
				GCC_INPUT_FILETYPE = automatic;
				"HEADER_SEARCH_PATHS[arch=*]" = /usr/local/Cellar/boost/1.67.0_1/include;
				INFOPLIST_FILE = Blackbird/Info.plist;
				"LD_MAP_FILE_PATH[arch=*]" = "$(TARGET_TEMP_DIR)/$(PRODUCT_NAME)-LinkMap-$(CURRENT_VARIANT)-$(CURRENT_ARCH).txt";
				LD_RUNPATH_SEARCH_PATHS = (
					"$(inherited)",
					"@executable_path/../Frameworks",
				);
				"LIBRARY_SEARCH_PATHS[arch=*]" = /usr/local/Cellar/boost/1.67.0_1/lib;
				"OTHER_LDFLAGS[arch=*]" = (
					"-lboost_filesystem",
					"-lboost_system",
				);
				PRODUCT_BUNDLE_IDENTIFIER = com.etiamo.blackbird.Blackbird;
				PRODUCT_NAME = "$(TARGET_NAME)";
			};
			name = Debug;
		};
		40C14A7E20D2BEE000EDDE27 /* Release */ = {
			isa = XCBuildConfiguration;
			buildSettings = {
				ASSETCATALOG_COMPILER_APPICON_NAME = AppIcon;
				CLANG_CXX_LANGUAGE_STANDARD = "gnu++17";
				CLANG_CXX_LIBRARY = "libc++";
				CLANG_ENABLE_OBJC_ARC = YES;
				CLANG_WARN_CXX0X_EXTENSIONS = YES;
				CODE_SIGN_ENTITLEMENTS = Blackbird/Blackbird.entitlements;
				CODE_SIGN_STYLE = Automatic;
				COMBINE_HIDPI_IMAGES = YES;
				DEVELOPMENT_TEAM = R2WLDRKRB6;
				"FRAMEWORK_SEARCH_PATHS[arch=*]" = /usr/local/Cellar/boost/1.67.0_1;
				GCC_INPUT_FILETYPE = automatic;
				"HEADER_SEARCH_PATHS[arch=*]" = /usr/local/Cellar/boost/1.67.0_1/include;
				INFOPLIST_FILE = Blackbird/Info.plist;
				LD_RUNPATH_SEARCH_PATHS = (
					"$(inherited)",
					"@executable_path/../Frameworks",
				);
				"LIBRARY_SEARCH_PATHS[arch=*]" = /usr/local/Cellar/boost/1.67.0_1/lib;
				"OTHER_LDFLAGS[arch=*]" = (
					"-lboost_filesystem",
					"-lboost_system",
				);
				PRODUCT_BUNDLE_IDENTIFIER = com.etiamo.blackbird.Blackbird;
				PRODUCT_NAME = "$(TARGET_NAME)";
			};
			name = Release;
		};
/* End XCBuildConfiguration section */

/* Begin XCConfigurationList section */
		40C14A6320D2BEDF00EDDE27 /* Build configuration list for PBXProject "Blackbird" */ = {
			isa = XCConfigurationList;
			buildConfigurations = (
				40C14A7A20D2BEE000EDDE27 /* Debug */,
				40C14A7B20D2BEE000EDDE27 /* Release */,
			);
			defaultConfigurationIsVisible = 0;
			defaultConfigurationName = Release;
		};
		40C14A7C20D2BEE000EDDE27 /* Build configuration list for PBXNativeTarget "Blackbird" */ = {
			isa = XCConfigurationList;
			buildConfigurations = (
				40C14A7D20D2BEE000EDDE27 /* Debug */,
				40C14A7E20D2BEE000EDDE27 /* Release */,
			);
			defaultConfigurationIsVisible = 0;
			defaultConfigurationName = Release;
		};
/* End XCConfigurationList section */
	};
	rootObject = 40C14A6020D2BEDF00EDDE27 /* Project object */;
}
